
Microsoft Visual Studio Solution File, Format Version 12.00
Project("{2150E333-8FDC-42A3-9474-1A3956D46DE8}") = "src", "src", "{80497586-5F53-4F3B-9E7C-704DDA1CB424}"
EndProject
Project("{FAE04EC0-301F-11D3-BF4B-00C04F79EFBC}") = "SampleGit", "src\SampleGit\SampleGit.csproj", "{14FD9ABB-C492-4468-B5E3-52B3455FDE58}"
EndProject
Project("{FAE04EC0-301F-11D3-BF4B-00C04F79EFBC}") = "BaseAlgorithms", "src\BaseAlgorithms\BaseAlgorithms.csproj", "{56DD286B-627B-42B7-9E53-7B601AFF9BF7}"
EndProject
Project("{FAE04EC0-301F-11D3-BF4B-00C04F79EFBC}") = "DelegatesAndEvents", "src\DelegatesAndEvents\DelegatesAndEvents.csproj", "{112DF587-6330-4E6D-9D7A-CF0066ADFB48}"
EndProject
Project("{FAE04EC0-301F-11D3-BF4B-00C04F79EFBC}") = "OOP", "src\OOP\OOP.csproj", "{9B57684A-6F27-4757-99C5-A201B0565F47}"
EndProject
Project("{FAE04EC0-301F-11D3-BF4B-00C04F79EFBC}") = "LINQ", "src\LINQ\LINQ.csproj", "{2F404803-6449-49F6-984A-0F55791A095B}"
EndProject
Project("{FAE04EC0-301F-11D3-BF4B-00C04F79EFBC}") = "PLINQ", "src\PLINQ\PLINQ.csproj", "{158C284B-66E0-4505-9E1D-7B8E49C4CAD5}"
EndProject
Project("{FAE04EC0-301F-11D3-BF4B-00C04F79EFBC}") = "SerializerTest", "src\SerializerTest\SerializerTest.csproj", "{0579C6DC-6F6C-4D04-B919-68F3B02C04E4}"
EndProject
Project("{FAE04EC0-301F-11D3-BF4B-00C04F79EFBC}") = "Serialization", "src\Serialization\Serialization.csproj", "{5F216484-205D-41EC-9F4F-A247A635E5A3}"
EndProject
Project("{FAE04EC0-301F-11D3-BF4B-00C04F79EFBC}") = "ThreadsUI", "src\ThreadsUI\ThreadsUI.csproj", "{350569C6-56F6-4FE3-9C4B-9756851F85C3}"
EndProject
Project("{FAE04EC0-301F-11D3-BF4B-00C04F79EFBC}") = "ThreadsConsole", "src\ThreadsConsole\ThreadsConsole.csproj", "{2B767E79-1FFB-449A-A5E2-F4BA9A2A616F}"
EndProject
Project("{2150E333-8FDC-42A3-9474-1A3956D46DE8}") = "webapp", "webapp", "{81C6A173-DC00-4A45-90AE-9970D8D73A1E}"
EndProject
Project("{FAE04EC0-301F-11D3-BF4B-00C04F79EFBC}") = "WebUI", "webapp\WebUI\WebUI.csproj", "{8456FB81-742C-4BAF-B70A-176CD0C22678}"
EndProject
Project("{FAE04EC0-301F-11D3-BF4B-00C04F79EFBC}") = "Application", "webapp\Application\Application.csproj", "{4B2A827E-9B12-4E7D-BD0E-2DD68C898296}"
EndProject
Project("{FAE04EC0-301F-11D3-BF4B-00C04F79EFBC}") = "Domain", "webapp\Domain\Domain.csproj", "{E1802EF8-EA07-43E0-8A52-F1056FCBE1A8}"
EndProject
Project("{FAE04EC0-301F-11D3-BF4B-00C04F79EFBC}") = "Infrastructure", "webapp\Infrastructure\Infrastructure.csproj", "{D23C5E54-4AFE-4D48-8EC9-892D11EDBC3B}"
EndProject
Global
	GlobalSection(SolutionConfigurationPlatforms) = preSolution
		Debug|Any CPU = Debug|Any CPU
		Release|Any CPU = Release|Any CPU
	EndGlobalSection
	GlobalSection(ProjectConfigurationPlatforms) = postSolution
		{14FD9ABB-C492-4468-B5E3-52B3455FDE58}.Debug|Any CPU.ActiveCfg = Debug|Any CPU
		{14FD9ABB-C492-4468-B5E3-52B3455FDE58}.Debug|Any CPU.Build.0 = Debug|Any CPU
		{14FD9ABB-C492-4468-B5E3-52B3455FDE58}.Release|Any CPU.ActiveCfg = Release|Any CPU
		{14FD9ABB-C492-4468-B5E3-52B3455FDE58}.Release|Any CPU.Build.0 = Release|Any CPU
		{56DD286B-627B-42B7-9E53-7B601AFF9BF7}.Debug|Any CPU.ActiveCfg = Debug|Any CPU
		{56DD286B-627B-42B7-9E53-7B601AFF9BF7}.Debug|Any CPU.Build.0 = Debug|Any CPU
		{56DD286B-627B-42B7-9E53-7B601AFF9BF7}.Release|Any CPU.ActiveCfg = Release|Any CPU
		{56DD286B-627B-42B7-9E53-7B601AFF9BF7}.Release|Any CPU.Build.0 = Release|Any CPU
		{112DF587-6330-4E6D-9D7A-CF0066ADFB48}.Debug|Any CPU.ActiveCfg = Debug|Any CPU
		{112DF587-6330-4E6D-9D7A-CF0066ADFB48}.Debug|Any CPU.Build.0 = Debug|Any CPU
		{112DF587-6330-4E6D-9D7A-CF0066ADFB48}.Release|Any CPU.ActiveCfg = Release|Any CPU
		{112DF587-6330-4E6D-9D7A-CF0066ADFB48}.Release|Any CPU.Build.0 = Release|Any CPU
		{9B57684A-6F27-4757-99C5-A201B0565F47}.Debug|Any CPU.ActiveCfg = Debug|Any CPU
		{9B57684A-6F27-4757-99C5-A201B0565F47}.Debug|Any CPU.Build.0 = Debug|Any CPU
		{9B57684A-6F27-4757-99C5-A201B0565F47}.Release|Any CPU.ActiveCfg = Release|Any CPU
		{9B57684A-6F27-4757-99C5-A201B0565F47}.Release|Any CPU.Build.0 = Release|Any CPU
		{2F404803-6449-49F6-984A-0F55791A095B}.Debug|Any CPU.ActiveCfg = Debug|Any CPU
		{2F404803-6449-49F6-984A-0F55791A095B}.Debug|Any CPU.Build.0 = Debug|Any CPU
		{2F404803-6449-49F6-984A-0F55791A095B}.Release|Any CPU.ActiveCfg = Release|Any CPU
		{2F404803-6449-49F6-984A-0F55791A095B}.Release|Any CPU.Build.0 = Release|Any CPU
		{158C284B-66E0-4505-9E1D-7B8E49C4CAD5}.Debug|Any CPU.ActiveCfg = Debug|Any CPU
		{158C284B-66E0-4505-9E1D-7B8E49C4CAD5}.Debug|Any CPU.Build.0 = Debug|Any CPU
		{158C284B-66E0-4505-9E1D-7B8E49C4CAD5}.Release|Any CPU.ActiveCfg = Release|Any CPU
		{158C284B-66E0-4505-9E1D-7B8E49C4CAD5}.Release|Any CPU.Build.0 = Release|Any CPU
		{0579C6DC-6F6C-4D04-B919-68F3B02C04E4}.Debug|Any CPU.ActiveCfg = Debug|Any CPU
		{0579C6DC-6F6C-4D04-B919-68F3B02C04E4}.Debug|Any CPU.Build.0 = Debug|Any CPU
		{0579C6DC-6F6C-4D04-B919-68F3B02C04E4}.Release|Any CPU.ActiveCfg = Release|Any CPU
		{0579C6DC-6F6C-4D04-B919-68F3B02C04E4}.Release|Any CPU.Build.0 = Release|Any CPU
		{5F216484-205D-41EC-9F4F-A247A635E5A3}.Debug|Any CPU.ActiveCfg = Debug|Any CPU
		{5F216484-205D-41EC-9F4F-A247A635E5A3}.Debug|Any CPU.Build.0 = Debug|Any CPU
		{5F216484-205D-41EC-9F4F-A247A635E5A3}.Release|Any CPU.ActiveCfg = Release|Any CPU
		{5F216484-205D-41EC-9F4F-A247A635E5A3}.Release|Any CPU.Build.0 = Release|Any CPU
		{350569C6-56F6-4FE3-9C4B-9756851F85C3}.Debug|Any CPU.ActiveCfg = Debug|Any CPU
		{350569C6-56F6-4FE3-9C4B-9756851F85C3}.Debug|Any CPU.Build.0 = Debug|Any CPU
		{350569C6-56F6-4FE3-9C4B-9756851F85C3}.Release|Any CPU.ActiveCfg = Release|Any CPU
		{350569C6-56F6-4FE3-9C4B-9756851F85C3}.Release|Any CPU.Build.0 = Release|Any CPU
		{2B767E79-1FFB-449A-A5E2-F4BA9A2A616F}.Debug|Any CPU.ActiveCfg = Debug|Any CPU
		{2B767E79-1FFB-449A-A5E2-F4BA9A2A616F}.Debug|Any CPU.Build.0 = Debug|Any CPU
		{2B767E79-1FFB-449A-A5E2-F4BA9A2A616F}.Release|Any CPU.ActiveCfg = Release|Any CPU
		{2B767E79-1FFB-449A-A5E2-F4BA9A2A616F}.Release|Any CPU.Build.0 = Release|Any CPU
		{8456FB81-742C-4BAF-B70A-176CD0C22678}.Debug|Any CPU.ActiveCfg = Debug|Any CPU
		{8456FB81-742C-4BAF-B70A-176CD0C22678}.Debug|Any CPU.Build.0 = Debug|Any CPU
		{8456FB81-742C-4BAF-B70A-176CD0C22678}.Release|Any CPU.ActiveCfg = Release|Any CPU
		{8456FB81-742C-4BAF-B70A-176CD0C22678}.Release|Any CPU.Build.0 = Release|Any CPU
		{4B2A827E-9B12-4E7D-BD0E-2DD68C898296}.Debug|Any CPU.ActiveCfg = Debug|Any CPU
		{4B2A827E-9B12-4E7D-BD0E-2DD68C898296}.Debug|Any CPU.Build.0 = Debug|Any CPU
		{4B2A827E-9B12-4E7D-BD0E-2DD68C898296}.Release|Any CPU.ActiveCfg = Release|Any CPU
		{4B2A827E-9B12-4E7D-BD0E-2DD68C898296}.Release|Any CPU.Build.0 = Release|Any CPU
		{E1802EF8-EA07-43E0-8A52-F1056FCBE1A8}.Debug|Any CPU.ActiveCfg = Debug|Any CPU
		{E1802EF8-EA07-43E0-8A52-F1056FCBE1A8}.Debug|Any CPU.Build.0 = Debug|Any CPU
		{E1802EF8-EA07-43E0-8A52-F1056FCBE1A8}.Release|Any CPU.ActiveCfg = Release|Any CPU
		{E1802EF8-EA07-43E0-8A52-F1056FCBE1A8}.Release|Any CPU.Build.0 = Release|Any CPU
		{D23C5E54-4AFE-4D48-8EC9-892D11EDBC3B}.Debug|Any CPU.ActiveCfg = Debug|Any CPU
		{D23C5E54-4AFE-4D48-8EC9-892D11EDBC3B}.Debug|Any CPU.Build.0 = Debug|Any CPU
		{D23C5E54-4AFE-4D48-8EC9-892D11EDBC3B}.Release|Any CPU.ActiveCfg = Release|Any CPU
		{D23C5E54-4AFE-4D48-8EC9-892D11EDBC3B}.Release|Any CPU.Build.0 = Release|Any CPU
	EndGlobalSection
	GlobalSection(NestedProjects) = preSolution
		{14FD9ABB-C492-4468-B5E3-52B3455FDE58} = {80497586-5F53-4F3B-9E7C-704DDA1CB424}
		{56DD286B-627B-42B7-9E53-7B601AFF9BF7} = {80497586-5F53-4F3B-9E7C-704DDA1CB424}
		{112DF587-6330-4E6D-9D7A-CF0066ADFB48} = {80497586-5F53-4F3B-9E7C-704DDA1CB424}
		{9B57684A-6F27-4757-99C5-A201B0565F47} = {80497586-5F53-4F3B-9E7C-704DDA1CB424}
		{2F404803-6449-49F6-984A-0F55791A095B} = {80497586-5F53-4F3B-9E7C-704DDA1CB424}
		{158C284B-66E0-4505-9E1D-7B8E49C4CAD5} = {80497586-5F53-4F3B-9E7C-704DDA1CB424}
		{0579C6DC-6F6C-4D04-B919-68F3B02C04E4} = {80497586-5F53-4F3B-9E7C-704DDA1CB424}
		{5F216484-205D-41EC-9F4F-A247A635E5A3} = {80497586-5F53-4F3B-9E7C-704DDA1CB424}
		{350569C6-56F6-4FE3-9C4B-9756851F85C3} = {80497586-5F53-4F3B-9E7C-704DDA1CB424}
		{2B767E79-1FFB-449A-A5E2-F4BA9A2A616F} = {80497586-5F53-4F3B-9E7C-704DDA1CB424}
		{8456FB81-742C-4BAF-B70A-176CD0C22678} = {81C6A173-DC00-4A45-90AE-9970D8D73A1E}
		{4B2A827E-9B12-4E7D-BD0E-2DD68C898296} = {81C6A173-DC00-4A45-90AE-9970D8D73A1E}
		{E1802EF8-EA07-43E0-8A52-F1056FCBE1A8} = {81C6A173-DC00-4A45-90AE-9970D8D73A1E}
		{D23C5E54-4AFE-4D48-8EC9-892D11EDBC3B} = {81C6A173-DC00-4A45-90AE-9970D8D73A1E}
	EndGlobalSection
EndGlobal
