
Microsoft Visual Studio Solution File, Format Version 12.00
Project("{2150E333-8FDC-42A3-9474-1A3956D46DE8}") = "src", "src", "{80497586-5F53-4F3B-9E7C-704DDA1CB424}"
EndProject
Project("{FAE04EC0-301F-11D3-BF4B-00C04F79EFBC}") = "SampleGit", "src\SampleGit\SampleGit.csproj", "{14FD9ABB-C492-4468-B5E3-52B3455FDE58}"
EndProject
Project("{FAE04EC0-301F-11D3-BF4B-00C04F79EFBC}") = "BaseAlgorithms", "src\BaseAlgorithms\BaseAlgorithms.csproj", "{56DD286B-627B-42B7-9E53-7B601AFF9BF7}"
EndProject
Project("{FAE04EC0-301F-11D3-BF4B-00C04F79EFBC}") = "DelegatesAndEvents", "src\DelegatesAndEvents\DelegatesAndEvents.csproj", "{112DF587-6330-4E6D-9D7A-CF0066ADFB48}"
EndProject
Project("{FAE04EC0-301F-11D3-BF4B-00C04F79EFBC}") = "LINQ", "src\LINQ\LINQ.csproj", "{2F404803-6449-49F6-984A-0F55791A095B}"
EndProject
Project("{FAE04EC0-301F-11D3-BF4B-00C04F79EFBC}") = "PLINQ", "src\PLINQ\PLINQ.csproj", "{158C284B-66E0-4505-9E1D-7B8E49C4CAD5}"
EndProject
Project("{FAE04EC0-301F-11D3-BF4B-00C04F79EFBC}") = "SerializerTest", "src\SerializerTest\SerializerTest.csproj", "{0579C6DC-6F6C-4D04-B919-68F3B02C04E4}"
EndProject
Project("{FAE04EC0-301F-11D3-BF4B-00C04F79EFBC}") = "Serialization", "src\Serialization\Serialization.csproj", "{5F216484-205D-41EC-9F4F-A247A635E5A3}"
EndProject
Global
	GlobalSection(SolutionConfigurationPlatforms) = preSolution
		Debug|Any CPU = Debug|Any CPU
		Release|Any CPU = Release|Any CPU
	EndGlobalSection
	GlobalSection(ProjectConfigurationPlatforms) = postSolution
		{14FD9ABB-C492-4468-B5E3-52B3455FDE58}.Debug|Any CPU.ActiveCfg = Debug|Any CPU
		{14FD9ABB-C492-4468-B5E3-52B3455FDE58}.Debug|Any CPU.Build.0 = Debug|Any CPU
		{14FD9ABB-C492-4468-B5E3-52B3455FDE58}.Release|Any CPU.ActiveCfg = Release|Any CPU
		{14FD9ABB-C492-4468-B5E3-52B3455FDE58}.Release|Any CPU.Build.0 = Release|Any CPU
		{56DD286B-627B-42B7-9E53-7B601AFF9BF7}.Debug|Any CPU.ActiveCfg = Debug|Any CPU
		{56DD286B-627B-42B7-9E53-7B601AFF9BF7}.Debug|Any CPU.Build.0 = Debug|Any CPU
		{56DD286B-627B-42B7-9E53-7B601AFF9BF7}.Release|Any CPU.ActiveCfg = Release|Any CPU
		{56DD286B-627B-42B7-9E53-7B601AFF9BF7}.Release|Any CPU.Build.0 = Release|Any CPU
		{112DF587-6330-4E6D-9D7A-CF0066ADFB48}.Debug|Any CPU.ActiveCfg = Debug|Any CPU
		{112DF587-6330-4E6D-9D7A-CF0066ADFB48}.Debug|Any CPU.Build.0 = Debug|Any CPU
		{112DF587-6330-4E6D-9D7A-CF0066ADFB48}.Release|Any CPU.ActiveCfg = Release|Any CPU
		{112DF587-6330-4E6D-9D7A-CF0066ADFB48}.Release|Any CPU.Build.0 = Release|Any CPU
		{2F404803-6449-49F6-984A-0F55791A095B}.Debug|Any CPU.ActiveCfg = Debug|Any CPU
		{2F404803-6449-49F6-984A-0F55791A095B}.Debug|Any CPU.Build.0 = Debug|Any CPU
		{2F404803-6449-49F6-984A-0F55791A095B}.Release|Any CPU.ActiveCfg = Release|Any CPU
		{2F404803-6449-49F6-984A-0F55791A095B}.Release|Any CPU.Build.0 = Release|Any CPU
		{158C284B-66E0-4505-9E1D-7B8E49C4CAD5}.Debug|Any CPU.ActiveCfg = Debug|Any CPU
		{158C284B-66E0-4505-9E1D-7B8E49C4CAD5}.Debug|Any CPU.Build.0 = Debug|Any CPU
		{158C284B-66E0-4505-9E1D-7B8E49C4CAD5}.Release|Any CPU.ActiveCfg = Release|Any CPU
		{158C284B-66E0-4505-9E1D-7B8E49C4CAD5}.Release|Any CPU.Build.0 = Release|Any CPU
		{0579C6DC-6F6C-4D04-B919-68F3B02C04E4}.Debug|Any CPU.ActiveCfg = Debug|Any CPU
		{0579C6DC-6F6C-4D04-B919-68F3B02C04E4}.Debug|Any CPU.Build.0 = Debug|Any CPU
		{0579C6DC-6F6C-4D04-B919-68F3B02C04E4}.Release|Any CPU.ActiveCfg = Release|Any CPU
		{0579C6DC-6F6C-4D04-B919-68F3B02C04E4}.Release|Any CPU.Build.0 = Release|Any CPU
		{5F216484-205D-41EC-9F4F-A247A635E5A3}.Debug|Any CPU.ActiveCfg = Debug|Any CPU
		{5F216484-205D-41EC-9F4F-A247A635E5A3}.Debug|Any CPU.Build.0 = Debug|Any CPU
		{5F216484-205D-41EC-9F4F-A247A635E5A3}.Release|Any CPU.ActiveCfg = Release|Any CPU
		{5F216484-205D-41EC-9F4F-A247A635E5A3}.Release|Any CPU.Build.0 = Release|Any CPU
	EndGlobalSection
	GlobalSection(NestedProjects) = preSolution
		{14FD9ABB-C492-4468-B5E3-52B3455FDE58} = {80497586-5F53-4F3B-9E7C-704DDA1CB424}
		{56DD286B-627B-42B7-9E53-7B601AFF9BF7} = {80497586-5F53-4F3B-9E7C-704DDA1CB424}
		{112DF587-6330-4E6D-9D7A-CF0066ADFB48} = {80497586-5F53-4F3B-9E7C-704DDA1CB424}
		{2F404803-6449-49F6-984A-0F55791A095B} = {80497586-5F53-4F3B-9E7C-704DDA1CB424}
		{158C284B-66E0-4505-9E1D-7B8E49C4CAD5} = {80497586-5F53-4F3B-9E7C-704DDA1CB424}
		{0579C6DC-6F6C-4D04-B919-68F3B02C04E4} = {80497586-5F53-4F3B-9E7C-704DDA1CB424}
		{5F216484-205D-41EC-9F4F-A247A635E5A3} = {80497586-5F53-4F3B-9E7C-704DDA1CB424}
	EndGlobalSection
EndGlobal
